github.com/donething/utils-go v0.0.30-0.20230515083957-fd1347e1e0f9 h1:oJjCfAJIvSsmzNCsom5ac+sndEb5kT+nVy/RIII+elc=
github.com/donething/utils-go v0.0.30-0.20230515083957-fd1347e1e0f9/go.mod h1:xnWCBrhrm9iu6PLrmV23AYpUmidJSfXHwMJV9SrHNK0=
github.com/donething/utils-go v0.0.30-0.20230515115153-3b3178119e6b h1:zH75rp69PGy91KvYJngOIYkAlWt8OT1m7U1FDpzgHMg=
github.com/donething/utils-go v0.0.30-0.20230515115153-3b3178119e6b/go.mod h1:xnWCBrhrm9iu6PLrmV23AYpUmidJSfXHwMJV9SrHNK0=
github.com/saintfish/chardet v0.0.0-20120816061221-3af4cd4741ca h1:NugYot0LIVPxTvN8n+Kvkn6TrbMyxQiuvKdEwFdR9vI=
github.com/saintfish/chardet v0.0.0-20120816061221-3af4cd4741ca/go.mod h1:uugorj2VCxiV1x+LzaIdVa9b4S4qGAcH6cbhh4qVxOU=
golang.org/x/net v0.7.0 h1:rJrUqqhjsgNp7KqAIc25s9pZnjU7TUcSY7HcVZjdn1g=
golang.org/x/net v0.7.0/go.mod h1:2Tu9+aMcznHK/AK1HMvgo6xiTLG5rD5rZLDS+rp2Bjs=
golang.org/x/sys v0.5.0 h1:MUK/U/4lj1t1oPg0HfuXDN/Z1wv31ZJ/YcPiGccS4DU=
golang.org/x/sys v0.5.0/go.mod h1:oPkhp1MJrh7nUepCBck5+mAzfO9JrbApNNgaTdGDITg=
golang.org/x/text v0.8.0 h1:57P1ETyNKtuIjB4SRd15iJxuhj8Gc416Y78H3qgMh68=
golang.org/x/text v0.8.0/go.mod h1:e1OnstbJyHTd6l/uOt8jFFHp6TRDWZR/bV3emEE/zU8=
